
Microsoft Visual Studio Solution File, Format Version 12.00
# Visual Studio Version 17
VisualStudioVersion = 17.7.34202.233
MinimumVisualStudioVersion = 10.0.40219.1
Project("{FAE04EC0-301F-11D3-BF4B-00C04F79EFBC}") = "Lab3CodeFirst", "Lab3CodeFirst\Lab3CodeFirst.csproj", "{102DB3C5-9F21-44F9-B2A6-F15AB02A181C}"
EndProject
Global
	GlobalSection(SolutionConfigurationPlatforms) = preSolution
		Debug|Any CPU = Debug|Any CPU
		Release|Any CPU = Release|Any CPU
	EndGlobalSection
	GlobalSection(ProjectConfigurationPlatforms) = postSolution
		{102DB3C5-9F21-44F9-B2A6-F15AB02A181C}.Debug|Any CPU.ActiveCfg = Debug|Any CPU
		{102DB3C5-9F21-44F9-B2A6-F15AB02A181C}.Debug|Any CPU.Build.0 = Debug|Any CPU
		{102DB3C5-9F21-44F9-B2A6-F15AB02A181C}.Release|Any CPU.ActiveCfg = Release|Any CPU
		{102DB3C5-9F21-44F9-B2A6-F15AB02A181C}.Release|Any CPU.Build.0 = Release|Any CPU
	EndGlobalSection
	GlobalSection(SolutionProperties) = preSolution
		HideSolutionNode = FALSE
	EndGlobalSection
	GlobalSection(ExtensibilityGlobals) = postSolution
		SolutionGuid = {16890B16-18DC-4909-BB9E-9CABF321ED28}
	EndGlobalSection
EndGlobal
